
Microsoft Visual Studio Solution File, Format Version 12.00
# Visual Studio 15
Project("{FAE04EC0-301F-11D3-BF4B-00C04F79EFBC}") = "Assembly-CSharp", "Assembly-CSharp.csproj", "{0D2279F3-FF1E-7EC0-64F7-B5E08DA09102}"
EndProject
Project("{FAE04EC0-301F-11D3-BF4B-00C04F79EFBC}") = "Assembly-CSharp-Editor", "Assembly-CSharp-Editor.csproj", "{1E694772-342D-7851-A88A-2D1FE3C1FD27}"
EndProject
Global
	GlobalSection(SolutionConfigurationPlatforms) = preSolution
		Debug|Any CPU = Debug|Any CPU
		Release|Any CPU = Release|Any CPU
	EndGlobalSection
	GlobalSection(ProjectConfigurationPlatforms) = postSolution
		{0D2279F3-FF1E-7EC0-64F7-B5E08DA09102}.Debug|Any CPU.ActiveCfg = Debug|Any CPU
		{0D2279F3-FF1E-7EC0-64F7-B5E08DA09102}.Debug|Any CPU.Build.0 = Debug|Any CPU
		{0D2279F3-FF1E-7EC0-64F7-B5E08DA09102}.Release|Any CPU.ActiveCfg = Release|Any CPU
		{0D2279F3-FF1E-7EC0-64F7-B5E08DA09102}.Release|Any CPU.Build.0 = Release|Any CPU
		{1E694772-342D-7851-A88A-2D1FE3C1FD27}.Debug|Any CPU.ActiveCfg = Debug|Any CPU
		{1E694772-342D-7851-A88A-2D1FE3C1FD27}.Debug|Any CPU.Build.0 = Debug|Any CPU
		{1E694772-342D-7851-A88A-2D1FE3C1FD27}.Release|Any CPU.ActiveCfg = Release|Any CPU
		{1E694772-342D-7851-A88A-2D1FE3C1FD27}.Release|Any CPU.Build.0 = Release|Any CPU
	EndGlobalSection
	GlobalSection(SolutionProperties) = preSolution
		HideSolutionNode = FALSE
	EndGlobalSection
EndGlobal
